// !$*UTF8*$!
{
	archiveVersion = 1;
	classes = {
	};
	objectVersion = 51;
	objects = {

/* Begin PBXBuildFile section */
		3527398E261B16BF00BFABFC /* AppDelegate.swift in Sources */ = {isa = PBXBuildFile; fileRef = 3527398D261B16BF00BFABFC /* AppDelegate.swift */; };
		35273997261B16C200BFABFC /* Assets.xcassets in Resources */ = {isa = PBXBuildFile; fileRef = 35273996261B16C200BFABFC /* Assets.xcassets */; };
		3527399A261B16C200BFABFC /* LaunchScreen.storyboard in Resources */ = {isa = PBXBuildFile; fileRef = 35273998261B16C200BFABFC /* LaunchScreen.storyboard */; };
		352739A5261B16C200BFABFC /* GitUsersTests.swift in Sources */ = {isa = PBXBuildFile; fileRef = 352739A4261B16C200BFABFC /* GitUsersTests.swift */; };
		352739B0261B16C200BFABFC /* GitUsersUITests.swift in Sources */ = {isa = PBXBuildFile; fileRef = 352739AF261B16C200BFABFC /* GitUsersUITests.swift */; };
		352739E9261B22FD00BFABFC /* GitHubUserListsPresenter.swift in Sources */ = {isa = PBXBuildFile; fileRef = 352739E3261B22FD00BFABFC /* GitHubUserListsPresenter.swift */; };
		352739EA261B22FD00BFABFC /* GitHubUserListsWorker.swift in Sources */ = {isa = PBXBuildFile; fileRef = 352739E4261B22FD00BFABFC /* GitHubUserListsWorker.swift */; };
		352739EC261B22FD00BFABFC /* GitHubUserListsRouter.swift in Sources */ = {isa = PBXBuildFile; fileRef = 352739E6261B22FD00BFABFC /* GitHubUserListsRouter.swift */; };
		352739ED261B22FD00BFABFC /* GitHubUserListsViewController.swift in Sources */ = {isa = PBXBuildFile; fileRef = 352739E7261B22FD00BFABFC /* GitHubUserListsViewController.swift */; };
		352739EE261B22FD00BFABFC /* GitHubUserListsInteractor.swift in Sources */ = {isa = PBXBuildFile; fileRef = 352739E8261B22FD00BFABFC /* GitHubUserListsInteractor.swift */; };
		352739F9261B233000BFABFC /* GitHubUserLists.storyboard in Resources */ = {isa = PBXBuildFile; fileRef = 352739F8261B233000BFABFC /* GitHubUserLists.storyboard */; };
		35273A09261B265100BFABFC /* GitHubUserListsTableViewCell.swift in Sources */ = {isa = PBXBuildFile; fileRef = 35273A07261B265100BFABFC /* GitHubUserListsTableViewCell.swift */; };
		35273A0A261B265100BFABFC /* GitHubUserListsTableViewCell.xib in Resources */ = {isa = PBXBuildFile; fileRef = 35273A08261B265100BFABFC /* GitHubUserListsTableViewCell.xib */; };
		35273A10261C07B500BFABFC /* GitHubUserListsCellModel.swift in Sources */ = {isa = PBXBuildFile; fileRef = 35273A0F261C07B500BFABFC /* GitHubUserListsCellModel.swift */; };
		35273A1C261C150500BFABFC /* GetGitHubUsers.swift in Sources */ = {isa = PBXBuildFile; fileRef = 35273A1B261C150500BFABFC /* GetGitHubUsers.swift */; };
		35273A21261C164400BFABFC /* GitHubUserListsModel.swift in Sources */ = {isa = PBXBuildFile; fileRef = 35273A20261C164400BFABFC /* GitHubUserListsModel.swift */; };
		35273A2A261C1A1F00BFABFC /* Singleton.swift in Sources */ = {isa = PBXBuildFile; fileRef = 35273A29261C1A1F00BFABFC /* Singleton.swift */; };
		35273A33261C1AA200BFABFC /* NetworkingService.swift in Sources */ = {isa = PBXBuildFile; fileRef = 35273A32261C1AA200BFABFC /* NetworkingService.swift */; };
		35273A3B261C1AFC00BFABFC /* HTTPResponseCode.swift in Sources */ = {isa = PBXBuildFile; fileRef = 35273A3A261C1AFC00BFABFC /* HTTPResponseCode.swift */; };
		35273A40261C1B2200BFABFC /* NetworkErrorType.swift in Sources */ = {isa = PBXBuildFile; fileRef = 35273A3F261C1B2200BFABFC /* NetworkErrorType.swift */; };
		35273A45261C1BC800BFABFC /* ContentType.swift in Sources */ = {isa = PBXBuildFile; fileRef = 35273A44261C1BC800BFABFC /* ContentType.swift */; };
		35273A4A261C1D3900BFABFC /* ServerResponseError.swift in Sources */ = {isa = PBXBuildFile; fileRef = 35273A49261C1D3900BFABFC /* ServerResponseError.swift */; };
		35273A50261C1D6600BFABFC /* ErrorViewModel.swift in Sources */ = {isa = PBXBuildFile; fileRef = 35273A4F261C1D6600BFABFC /* ErrorViewModel.swift */; };
		35273A59261C217900BFABFC /* GitHubAPIService.swift in Sources */ = {isa = PBXBuildFile; fileRef = 35273A58261C217900BFABFC /* GitHubAPIService.swift */; };
		35273A61261C224700BFABFC /* GitHubResourceResponseAdapter.swift in Sources */ = {isa = PBXBuildFile; fileRef = 35273A60261C224700BFABFC /* GitHubResourceResponseAdapter.swift */; };
		35273A67261C296A00BFABFC /* GithubUsersResponse.swift in Sources */ = {isa = PBXBuildFile; fileRef = 35273A66261C296A00BFABFC /* GithubUsersResponse.swift */; };
		35273A72261C2B6200BFABFC /* ConfigurationProvider.swift in Sources */ = {isa = PBXBuildFile; fileRef = 35273A71261C2B6200BFABFC /* ConfigurationProvider.swift */; };
		35273A78261C341600BFABFC /* GitHubUserListsViewModel.swift in Sources */ = {isa = PBXBuildFile; fileRef = 35273A77261C341600BFABFC /* GitHubUserListsViewModel.swift */; };
		35273A7D261C386000BFABFC /* Extension.swift in Sources */ = {isa = PBXBuildFile; fileRef = 35273A7C261C386000BFABFC /* Extension.swift */; };
		35273A90261C40EC00BFABFC /* RealmService.swift in Sources */ = {isa = PBXBuildFile; fileRef = 35273A8F261C40EC00BFABFC /* RealmService.swift */; };
		35273A98261C411A00BFABFC /* FavoriteUserEntity.swift in Sources */ = {isa = PBXBuildFile; fileRef = 35273A97261C411A00BFABFC /* FavoriteUserEntity.swift */; };
		35273AA0261C463C00BFABFC /* GitHubUserListsInMemoryStore.swift in Sources */ = {isa = PBXBuildFile; fileRef = 35273A9F261C463C00BFABFC /* GitHubUserListsInMemoryStore.swift */; };
		35273AA9261C577700BFABFC /* SetFavoriteUser.swift in Sources */ = {isa = PBXBuildFile; fileRef = 35273AA8261C577700BFABFC /* SetFavoriteUser.swift */; };
		35273ABB261D53E900BFABFC /* GitHubUserDetailPresenter.swift in Sources */ = {isa = PBXBuildFile; fileRef = 35273AB5261D53E900BFABFC /* GitHubUserDetailPresenter.swift */; };
		35273ABC261D53E900BFABFC /* GitHubUserDetailWorker.swift in Sources */ = {isa = PBXBuildFile; fileRef = 35273AB6261D53E900BFABFC /* GitHubUserDetailWorker.swift */; };
		35273ABE261D53E900BFABFC /* GitHubUserDetailRouter.swift in Sources */ = {isa = PBXBuildFile; fileRef = 35273AB8261D53E900BFABFC /* GitHubUserDetailRouter.swift */; };
		35273ABF261D53E900BFABFC /* GitHubUserDetailViewController.swift in Sources */ = {isa = PBXBuildFile; fileRef = 35273AB9261D53E900BFABFC /* GitHubUserDetailViewController.swift */; };
		35273AC0261D53E900BFABFC /* GitHubUserDetailInteractor.swift in Sources */ = {isa = PBXBuildFile; fileRef = 35273ABA261D53E900BFABFC /* GitHubUserDetailInteractor.swift */; };
		35273AC8261D541300BFABFC /* GitHubUserDetail.storyboard in Resources */ = {isa = PBXBuildFile; fileRef = 35273AC7261D541300BFABFC /* GitHubUserDetail.storyboard */; };
		35273AD0261D54D000BFABFC /* GetGitHubUserRepos.swift in Sources */ = {isa = PBXBuildFile; fileRef = 35273ACF261D54D000BFABFC /* GetGitHubUserRepos.swift */; };
		35273AD5261D577C00BFABFC /* GitHubUserDetailInMemoryStore.swift in Sources */ = {isa = PBXBuildFile; fileRef = 35273AD4261D577C00BFABFC /* GitHubUserDetailInMemoryStore.swift */; };
		35273ADD261D5A0200BFABFC /* GetUserProfile.swift in Sources */ = {isa = PBXBuildFile; fileRef = 35273ADC261D5A0200BFABFC /* GetUserProfile.swift */; };
		35273AE6261D5BD600BFABFC /* GitHubUserReposTableViewCell.swift in Sources */ = {isa = PBXBuildFile; fileRef = 35273AE4261D5BD600BFABFC /* GitHubUserReposTableViewCell.swift */; };
		35273AE7261D5BD600BFABFC /* GitHubUserReposTableViewCell.xib in Resources */ = {isa = PBXBuildFile; fileRef = 35273AE5261D5BD600BFABFC /* GitHubUserReposTableViewCell.xib */; };
		35273AEF261D5BF500BFABFC /* GitHubUserReposCellModel.swift in Sources */ = {isa = PBXBuildFile; fileRef = 35273AEE261D5BF500BFABFC /* GitHubUserReposCellModel.swift */; };
		35273AF7261D62E100BFABFC /* GithubUserProfileViewModel.swift in Sources */ = {isa = PBXBuildFile; fileRef = 35273AF6261D62E100BFABFC /* GithubUserProfileViewModel.swift */; };
		35273AFC261D771100BFABFC /* SelectedGitHubUser.swift in Sources */ = {isa = PBXBuildFile; fileRef = 35273AFB261D771100BFABFC /* SelectedGitHubUser.swift */; };
		3F62C9859FAE3CCC38A99375 /* Pods_GitUsers_GitUsersUITests.framework in Frameworks */ = {isa = PBXBuildFile; fileRef = A55C9CB1B73311E578F3074B /* Pods_GitUsers_GitUsersUITests.framework */; };
		A89437A9FD3D437E933B6C0B /* Pods_GitUsers.framework in Frameworks */ = {isa = PBXBuildFile; fileRef = 459F00E68DFD86F9658736E6 /* Pods_GitUsers.framework */; };
		A93B7C8D53E504948017119C /* Pods_GitUsersTests.framework in Frameworks */ = {isa = PBXBuildFile; fileRef = 59FCD5699724AA015D463E27 /* Pods_GitUsersTests.framework */; };
/* End PBXBuildFile section */

/* Begin PBXContainerItemProxy section */
		352739A1261B16C200BFABFC /* PBXContainerItemProxy */ = {
			isa = PBXContainerItemProxy;
			containerPortal = 35273982261B16BF00BFABFC /* Project object */;
			proxyType = 1;
			remoteGlobalIDString = 35273989261B16BF00BFABFC;
			remoteInfo = GitUsers;
		};
		352739AC261B16C200BFABFC /* PBXContainerItemProxy */ = {
			isa = PBXContainerItemProxy;
			containerPortal = 35273982261B16BF00BFABFC /* Project object */;
			proxyType = 1;
			remoteGlobalIDString = 35273989261B16BF00BFABFC;
			remoteInfo = GitUsers;
		};
/* End PBXContainerItemProxy section */

/* Begin PBXFileReference section */
		3527398A261B16BF00BFABFC /* GitUsers.app */ = {isa = PBXFileReference; explicitFileType = wrapper.application; includeInIndex = 0; path = GitUsers.app; sourceTree = BUILT_PRODUCTS_DIR; };
		3527398D261B16BF00BFABFC /* AppDelegate.swift */ = {isa = PBXFileReference; lastKnownFileType = sourcecode.swift; path = AppDelegate.swift; sourceTree = "<group>"; };
		3527398F261B16BF00BFABFC /* SceneDelegate.swift */ = {isa = PBXFileReference; lastKnownFileType = sourcecode.swift; path = SceneDelegate.swift; sourceTree = "<group>"; };
		35273996261B16C200BFABFC /* Assets.xcassets */ = {isa = PBXFileReference; lastKnownFileType = folder.assetcatalog; path = Assets.xcassets; sourceTree = "<group>"; };
		35273999261B16C200BFABFC /* Base */ = {isa = PBXFileReference; lastKnownFileType = file.storyboard; name = Base; path = Base.lproj/LaunchScreen.storyboard; sourceTree = "<group>"; };
		3527399B261B16C200BFABFC /* Info.plist */ = {isa = PBXFileReference; lastKnownFileType = text.plist.xml; path = Info.plist; sourceTree = "<group>"; };
		352739A0261B16C200BFABFC /* GitUsersTests.xctest */ = {isa = PBXFileReference; explicitFileType = wrapper.cfbundle; includeInIndex = 0; path = GitUsersTests.xctest; sourceTree = BUILT_PRODUCTS_DIR; };
		352739A4261B16C200BFABFC /* GitUsersTests.swift */ = {isa = PBXFileReference; lastKnownFileType = sourcecode.swift; path = GitUsersTests.swift; sourceTree = "<group>"; };
		352739A6261B16C200BFABFC /* Info.plist */ = {isa = PBXFileReference; lastKnownFileType = text.plist.xml; path = Info.plist; sourceTree = "<group>"; };
		352739AB261B16C200BFABFC /* GitUsersUITests.xctest */ = {isa = PBXFileReference; explicitFileType = wrapper.cfbundle; includeInIndex = 0; path = GitUsersUITests.xctest; sourceTree = BUILT_PRODUCTS_DIR; };
		352739AF261B16C200BFABFC /* GitUsersUITests.swift */ = {isa = PBXFileReference; lastKnownFileType = sourcecode.swift; path = GitUsersUITests.swift; sourceTree = "<group>"; };
		352739B1261B16C200BFABFC /* Info.plist */ = {isa = PBXFileReference; lastKnownFileType = text.plist.xml; path = Info.plist; sourceTree = "<group>"; };
		352739E3261B22FD00BFABFC /* GitHubUserListsPresenter.swift */ = {isa = PBXFileReference; lastKnownFileType = sourcecode.swift; path = GitHubUserListsPresenter.swift; sourceTree = "<group>"; };
		352739E4261B22FD00BFABFC /* GitHubUserListsWorker.swift */ = {isa = PBXFileReference; lastKnownFileType = sourcecode.swift; path = GitHubUserListsWorker.swift; sourceTree = "<group>"; };
		352739E6261B22FD00BFABFC /* GitHubUserListsRouter.swift */ = {isa = PBXFileReference; lastKnownFileType = sourcecode.swift; path = GitHubUserListsRouter.swift; sourceTree = "<group>"; };
		352739E7261B22FD00BFABFC /* GitHubUserListsViewController.swift */ = {isa = PBXFileReference; lastKnownFileType = sourcecode.swift; path = GitHubUserListsViewController.swift; sourceTree = "<group>"; };
		352739E8261B22FD00BFABFC /* GitHubUserListsInteractor.swift */ = {isa = PBXFileReference; lastKnownFileType = sourcecode.swift; path = GitHubUserListsInteractor.swift; sourceTree = "<group>"; };
		352739F8261B233000BFABFC /* GitHubUserLists.storyboard */ = {isa = PBXFileReference; lastKnownFileType = file.storyboard; path = GitHubUserLists.storyboard; sourceTree = "<group>"; };
		35273A07261B265100BFABFC /* GitHubUserListsTableViewCell.swift */ = {isa = PBXFileReference; lastKnownFileType = sourcecode.swift; path = GitHubUserListsTableViewCell.swift; sourceTree = "<group>"; };
		35273A08261B265100BFABFC /* GitHubUserListsTableViewCell.xib */ = {isa = PBXFileReference; lastKnownFileType = file.xib; path = GitHubUserListsTableViewCell.xib; sourceTree = "<group>"; };
		35273A0F261C07B500BFABFC /* GitHubUserListsCellModel.swift */ = {isa = PBXFileReference; lastKnownFileType = sourcecode.swift; path = GitHubUserListsCellModel.swift; sourceTree = "<group>"; };
		35273A1B261C150500BFABFC /* GetGitHubUsers.swift */ = {isa = PBXFileReference; lastKnownFileType = sourcecode.swift; path = GetGitHubUsers.swift; sourceTree = "<group>"; };
		35273A20261C164400BFABFC /* GitHubUserListsModel.swift */ = {isa = PBXFileReference; lastKnownFileType = sourcecode.swift; path = GitHubUserListsModel.swift; sourceTree = "<group>"; };
		35273A29261C1A1F00BFABFC /* Singleton.swift */ = {isa = PBXFileReference; lastKnownFileType = sourcecode.swift; path = Singleton.swift; sourceTree = "<group>"; };
		35273A32261C1AA200BFABFC /* NetworkingService.swift */ = {isa = PBXFileReference; lastKnownFileType = sourcecode.swift; path = NetworkingService.swift; sourceTree = "<group>"; };
		35273A3A261C1AFC00BFABFC /* HTTPResponseCode.swift */ = {isa = PBXFileReference; lastKnownFileType = sourcecode.swift; path = HTTPResponseCode.swift; sourceTree = "<group>"; };
		35273A3F261C1B2200BFABFC /* NetworkErrorType.swift */ = {isa = PBXFileReference; lastKnownFileType = sourcecode.swift; path = NetworkErrorType.swift; sourceTree = "<group>"; };
		35273A44261C1BC800BFABFC /* ContentType.swift */ = {isa = PBXFileReference; lastKnownFileType = sourcecode.swift; path = ContentType.swift; sourceTree = "<group>"; };
		35273A49261C1D3900BFABFC /* ServerResponseError.swift */ = {isa = PBXFileReference; lastKnownFileType = sourcecode.swift; path = ServerResponseError.swift; sourceTree = "<group>"; };
		35273A4F261C1D6600BFABFC /* ErrorViewModel.swift */ = {isa = PBXFileReference; lastKnownFileType = sourcecode.swift; path = ErrorViewModel.swift; sourceTree = "<group>"; };
		35273A58261C217900BFABFC /* GitHubAPIService.swift */ = {isa = PBXFileReference; lastKnownFileType = sourcecode.swift; path = GitHubAPIService.swift; sourceTree = "<group>"; };
		35273A60261C224700BFABFC /* GitHubResourceResponseAdapter.swift */ = {isa = PBXFileReference; lastKnownFileType = sourcecode.swift; path = GitHubResourceResponseAdapter.swift; sourceTree = "<group>"; };
		35273A66261C296A00BFABFC /* GithubUsersResponse.swift */ = {isa = PBXFileReference; lastKnownFileType = sourcecode.swift; path = GithubUsersResponse.swift; sourceTree = "<group>"; };
		35273A71261C2B6200BFABFC /* ConfigurationProvider.swift */ = {isa = PBXFileReference; lastKnownFileType = sourcecode.swift; path = ConfigurationProvider.swift; sourceTree = "<group>"; };
		35273A77261C341600BFABFC /* GitHubUserListsViewModel.swift */ = {isa = PBXFileReference; lastKnownFileType = sourcecode.swift; path = GitHubUserListsViewModel.swift; sourceTree = "<group>"; };
		35273A7C261C386000BFABFC /* Extension.swift */ = {isa = PBXFileReference; lastKnownFileType = sourcecode.swift; path = Extension.swift; sourceTree = "<group>"; };
		35273A8F261C40EC00BFABFC /* RealmService.swift */ = {isa = PBXFileReference; lastKnownFileType = sourcecode.swift; path = RealmService.swift; sourceTree = "<group>"; };
		35273A97261C411A00BFABFC /* FavoriteUserEntity.swift */ = {isa = PBXFileReference; lastKnownFileType = sourcecode.swift; path = FavoriteUserEntity.swift; sourceTree = "<group>"; };
		35273A9F261C463C00BFABFC /* GitHubUserListsInMemoryStore.swift */ = {isa = PBXFileReference; lastKnownFileType = sourcecode.swift; path = GitHubUserListsInMemoryStore.swift; sourceTree = "<group>"; };
		35273AA8261C577700BFABFC /* SetFavoriteUser.swift */ = {isa = PBXFileReference; lastKnownFileType = sourcecode.swift; path = SetFavoriteUser.swift; sourceTree = "<group>"; };
		35273AB5261D53E900BFABFC /* GitHubUserDetailPresenter.swift */ = {isa = PBXFileReference; lastKnownFileType = sourcecode.swift; path = GitHubUserDetailPresenter.swift; sourceTree = "<group>"; };
		35273AB6261D53E900BFABFC /* GitHubUserDetailWorker.swift */ = {isa = PBXFileReference; lastKnownFileType = sourcecode.swift; path = GitHubUserDetailWorker.swift; sourceTree = "<group>"; };
		35273AB8261D53E900BFABFC /* GitHubUserDetailRouter.swift */ = {isa = PBXFileReference; lastKnownFileType = sourcecode.swift; path = GitHubUserDetailRouter.swift; sourceTree = "<group>"; };
		35273AB9261D53E900BFABFC /* GitHubUserDetailViewController.swift */ = {isa = PBXFileReference; lastKnownFileType = sourcecode.swift; path = GitHubUserDetailViewController.swift; sourceTree = "<group>"; };
		35273ABA261D53E900BFABFC /* GitHubUserDetailInteractor.swift */ = {isa = PBXFileReference; lastKnownFileType = sourcecode.swift; path = GitHubUserDetailInteractor.swift; sourceTree = "<group>"; };
		35273AC7261D541300BFABFC /* GitHubUserDetail.storyboard */ = {isa = PBXFileReference; lastKnownFileType = file.storyboard; path = GitHubUserDetail.storyboard; sourceTree = "<group>"; };
		35273ACF261D54D000BFABFC /* GetGitHubUserRepos.swift */ = {isa = PBXFileReference; lastKnownFileType = sourcecode.swift; path = GetGitHubUserRepos.swift; sourceTree = "<group>"; };
		35273AD4261D577C00BFABFC /* GitHubUserDetailInMemoryStore.swift */ = {isa = PBXFileReference; lastKnownFileType = sourcecode.swift; path = GitHubUserDetailInMemoryStore.swift; sourceTree = "<group>"; };
		35273ADC261D5A0200BFABFC /* GetUserProfile.swift */ = {isa = PBXFileReference; lastKnownFileType = sourcecode.swift; path = GetUserProfile.swift; sourceTree = "<group>"; };
		35273AE4261D5BD600BFABFC /* GitHubUserReposTableViewCell.swift */ = {isa = PBXFileReference; lastKnownFileType = sourcecode.swift; path = GitHubUserReposTableViewCell.swift; sourceTree = "<group>"; };
		35273AE5261D5BD600BFABFC /* GitHubUserReposTableViewCell.xib */ = {isa = PBXFileReference; lastKnownFileType = file.xib; path = GitHubUserReposTableViewCell.xib; sourceTree = "<group>"; };
		35273AEE261D5BF500BFABFC /* GitHubUserReposCellModel.swift */ = {isa = PBXFileReference; lastKnownFileType = sourcecode.swift; path = GitHubUserReposCellModel.swift; sourceTree = "<group>"; };
		35273AF6261D62E100BFABFC /* GithubUserProfileViewModel.swift */ = {isa = PBXFileReference; lastKnownFileType = sourcecode.swift; path = GithubUserProfileViewModel.swift; sourceTree = "<group>"; };
		35273AFB261D771100BFABFC /* SelectedGitHubUser.swift */ = {isa = PBXFileReference; lastKnownFileType = sourcecode.swift; path = SelectedGitHubUser.swift; sourceTree = "<group>"; };
		3C6127CA9DA5843A5BD273E7 /* Pods-GitUsers-GitUsersUITests.debug.xcconfig */ = {isa = PBXFileReference; includeInIndex = 1; lastKnownFileType = text.xcconfig; name = "Pods-GitUsers-GitUsersUITests.debug.xcconfig"; path = "Target Support Files/Pods-GitUsers-GitUsersUITests/Pods-GitUsers-GitUsersUITests.debug.xcconfig"; sourceTree = "<group>"; };
		3D389FB6B636C2D328260F49 /* Pods-GitUsersTests.debug.xcconfig */ = {isa = PBXFileReference; includeInIndex = 1; lastKnownFileType = text.xcconfig; name = "Pods-GitUsersTests.debug.xcconfig"; path = "Target Support Files/Pods-GitUsersTests/Pods-GitUsersTests.debug.xcconfig"; sourceTree = "<group>"; };
		459F00E68DFD86F9658736E6 /* Pods_GitUsers.framework */ = {isa = PBXFileReference; explicitFileType = wrapper.framework; includeInIndex = 0; path = Pods_GitUsers.framework; sourceTree = BUILT_PRODUCTS_DIR; };
		59FCD5699724AA015D463E27 /* Pods_GitUsersTests.framework */ = {isa = PBXFileReference; explicitFileType = wrapper.framework; includeInIndex = 0; path = Pods_GitUsersTests.framework; sourceTree = BUILT_PRODUCTS_DIR; };
		6AD33E91465326D93028ED37 /* Pods-GitUsers-GitUsersUITests.release.xcconfig */ = {isa = PBXFileReference; includeInIndex = 1; lastKnownFileType = text.xcconfig; name = "Pods-GitUsers-GitUsersUITests.release.xcconfig"; path = "Target Support Files/Pods-GitUsers-GitUsersUITests/Pods-GitUsers-GitUsersUITests.release.xcconfig"; sourceTree = "<group>"; };
		948D37410AC09AFD19F664BB /* Pods-GitUsers.debug.xcconfig */ = {isa = PBXFileReference; includeInIndex = 1; lastKnownFileType = text.xcconfig; name = "Pods-GitUsers.debug.xcconfig"; path = "Target Support Files/Pods-GitUsers/Pods-GitUsers.debug.xcconfig"; sourceTree = "<group>"; };
		A55C9CB1B73311E578F3074B /* Pods_GitUsers_GitUsersUITests.framework */ = {isa = PBXFileReference; explicitFileType = wrapper.framework; includeInIndex = 0; path = Pods_GitUsers_GitUsersUITests.framework; sourceTree = BUILT_PRODUCTS_DIR; };
		D5932E00EAE8BDA4117DD5A2 /* Pods-GitUsersTests.release.xcconfig */ = {isa = PBXFileReference; includeInIndex = 1; lastKnownFileType = text.xcconfig; name = "Pods-GitUsersTests.release.xcconfig"; path = "Target Support Files/Pods-GitUsersTests/Pods-GitUsersTests.release.xcconfig"; sourceTree = "<group>"; };
		F8B866FB73F3A7E073A0D542 /* Pods-GitUsers.release.xcconfig */ = {isa = PBXFileReference; includeInIndex = 1; lastKnownFileType = text.xcconfig; name = "Pods-GitUsers.release.xcconfig"; path = "Target Support Files/Pods-GitUsers/Pods-GitUsers.release.xcconfig"; sourceTree = "<group>"; };
/* End PBXFileReference section */

/* Begin PBXFrameworksBuildPhase section */
		35273987261B16BF00BFABFC /* Frameworks */ = {
			isa = PBXFrameworksBuildPhase;
			buildActionMask = 2147483647;
			files = (
				A89437A9FD3D437E933B6C0B /* Pods_GitUsers.framework in Frameworks */,
			);
			runOnlyForDeploymentPostprocessing = 0;
		};
		3527399D261B16C200BFABFC /* Frameworks */ = {
			isa = PBXFrameworksBuildPhase;
			buildActionMask = 2147483647;
			files = (
				A93B7C8D53E504948017119C /* Pods_GitUsersTests.framework in Frameworks */,
			);
			runOnlyForDeploymentPostprocessing = 0;
		};
		352739A8261B16C200BFABFC /* Frameworks */ = {
			isa = PBXFrameworksBuildPhase;
			buildActionMask = 2147483647;
			files = (
				3F62C9859FAE3CCC38A99375 /* Pods_GitUsers_GitUsersUITests.framework in Frameworks */,
			);
			runOnlyForDeploymentPostprocessing = 0;
		};
/* End PBXFrameworksBuildPhase section */

/* Begin PBXGroup section */
		35273981261B16BF00BFABFC = {
			isa = PBXGroup;
			children = (
				3527398C261B16BF00BFABFC /* GitUsers */,
				352739A3261B16C200BFABFC /* GitUsersTests */,
				352739AE261B16C200BFABFC /* GitUsersUITests */,
				3527398B261B16BF00BFABFC /* Products */,
				D02F89D5F1261171E075670F /* Pods */,
				602B2CEEEA3C72D2FC822906 /* Frameworks */,
			);
			sourceTree = "<group>";
		};
		3527398B261B16BF00BFABFC /* Products */ = {
			isa = PBXGroup;
			children = (
				3527398A261B16BF00BFABFC /* GitUsers.app */,
				352739A0261B16C200BFABFC /* GitUsersTests.xctest */,
				352739AB261B16C200BFABFC /* GitUsersUITests.xctest */,
			);
			name = Products;
			sourceTree = "<group>";
		};
		3527398C261B16BF00BFABFC /* GitUsers */ = {
			isa = PBXGroup;
			children = (
				352739E0261B228800BFABFC /* Feature */,
				352739DF261B21F100BFABFC /* App */,
				3527398D261B16BF00BFABFC /* AppDelegate.swift */,
				3527398F261B16BF00BFABFC /* SceneDelegate.swift */,
				35273AA4261C4C6D00BFABFC /* Asset */,
				35273998261B16C200BFABFC /* LaunchScreen.storyboard */,
				3527399B261B16C200BFABFC /* Info.plist */,
			);
			path = GitUsers;
			sourceTree = "<group>";
		};
		352739A3261B16C200BFABFC /* GitUsersTests */ = {
			isa = PBXGroup;
			children = (
				352739A4261B16C200BFABFC /* GitUsersTests.swift */,
				352739A6261B16C200BFABFC /* Info.plist */,
			);
			path = GitUsersTests;
			sourceTree = "<group>";
		};
		352739AE261B16C200BFABFC /* GitUsersUITests */ = {
			isa = PBXGroup;
			children = (
				352739AF261B16C200BFABFC /* GitUsersUITests.swift */,
				352739B1261B16C200BFABFC /* Info.plist */,
			);
			path = GitUsersUITests;
			sourceTree = "<group>";
		};
		352739DF261B21F100BFABFC /* App */ = {
			isa = PBXGroup;
			children = (
				35273A8E261C40D500BFABFC /* RealmService */,
				35273A57261C1F0500BFABFC /* GitHubAPIService */,
				35273A4E261C1D4D00BFABFC /* Error */,
				35273A31261C1A8800BFABFC /* Networking */,
				35273A28261C19E200BFABFC /* Utilities */,
			);
			path = App;
			sourceTree = "<group>";
		};
		352739E0261B228800BFABFC /* Feature */ = {
			isa = PBXGroup;
			children = (
				352739E1261B229C00BFABFC /* GithubUsers */,
			);
			path = Feature;
			sourceTree = "<group>";
		};
		352739E1261B229C00BFABFC /* GithubUsers */ = {
			isa = PBXGroup;
			children = (
				352739E2261B22AE00BFABFC /* Scene */,
			);
			path = GithubUsers;
			sourceTree = "<group>";
		};
		352739E2261B22AE00BFABFC /* Scene */ = {
			isa = PBXGroup;
			children = (
				35273AB3261D53B800BFABFC /* GithubUserDetail */,
				35273A03261B261E00BFABFC /* Model */,
				35273A02261B25F700BFABFC /* Views */,
				35273A01261B25EF00BFABFC /* UseCases */,
				352739E3261B22FD00BFABFC /* GitHubUserListsPresenter.swift */,
				352739E4261B22FD00BFABFC /* GitHubUserListsWorker.swift */,
				352739E6261B22FD00BFABFC /* GitHubUserListsRouter.swift */,
				352739E7261B22FD00BFABFC /* GitHubUserListsViewController.swift */,
				352739E8261B22FD00BFABFC /* GitHubUserListsInteractor.swift */,
				35273A9F261C463C00BFABFC /* GitHubUserListsInMemoryStore.swift */,
				352739F8261B233000BFABFC /* GitHubUserLists.storyboard */,
			);
			path = Scene;
			sourceTree = "<group>";
		};
		35273A00261B25EB00BFABFC /* Cell */ = {
			isa = PBXGroup;
			children = (
				35273A17261C07BD00BFABFC /* GitHubUserListsCell */,
			);
			path = Cell;
			sourceTree = "<group>";
		};
		35273A01261B25EF00BFABFC /* UseCases */ = {
			isa = PBXGroup;
			children = (
				35273A1B261C150500BFABFC /* GetGitHubUsers.swift */,
				35273AA8261C577700BFABFC /* SetFavoriteUser.swift */,
				35273AFB261D771100BFABFC /* SelectedGitHubUser.swift */,
			);
			path = UseCases;
			sourceTree = "<group>";
		};
		35273A02261B25F700BFABFC /* Views */ = {
			isa = PBXGroup;
			children = (
				35273A76261C340000BFABFC /* Model */,
				35273A00261B25EB00BFABFC /* Cell */,
			);
			path = Views;
			sourceTree = "<group>";
		};
		35273A03261B261E00BFABFC /* Model */ = {
			isa = PBXGroup;
			children = (
				35273A20261C164400BFABFC /* GitHubUserListsModel.swift */,
			);
			path = Model;
			sourceTree = "<group>";
		};
		35273A17261C07BD00BFABFC /* GitHubUserListsCell */ = {
			isa = PBXGroup;
			children = (
				35273A0F261C07B500BFABFC /* GitHubUserListsCellModel.swift */,
				35273A07261B265100BFABFC /* GitHubUserListsTableViewCell.swift */,
				35273A08261B265100BFABFC /* GitHubUserListsTableViewCell.xib */,
			);
			path = GitHubUserListsCell;
			sourceTree = "<group>";
		};
		35273A28261C19E200BFABFC /* Utilities */ = {
			isa = PBXGroup;
			children = (
				35273A29261C1A1F00BFABFC /* Singleton.swift */,
				35273A71261C2B6200BFABFC /* ConfigurationProvider.swift */,
				35273A7C261C386000BFABFC /* Extension.swift */,
			);
			path = Utilities;
			sourceTree = "<group>";
		};
		35273A31261C1A8800BFABFC /* Networking */ = {
			isa = PBXGroup;
			children = (
				35273A32261C1AA200BFABFC /* NetworkingService.swift */,
				35273A3A261C1AFC00BFABFC /* HTTPResponseCode.swift */,
				35273A3F261C1B2200BFABFC /* NetworkErrorType.swift */,
				35273A44261C1BC800BFABFC /* ContentType.swift */,
			);
			path = Networking;
			sourceTree = "<group>";
		};
		35273A4E261C1D4D00BFABFC /* Error */ = {
			isa = PBXGroup;
			children = (
				35273A4F261C1D6600BFABFC /* ErrorViewModel.swift */,
				35273A49261C1D3900BFABFC /* ServerResponseError.swift */,
			);
			path = Error;
			sourceTree = "<group>";
		};
		35273A57261C1F0500BFABFC /* GitHubAPIService */ = {
			isa = PBXGroup;
			children = (
				35273A58261C217900BFABFC /* GitHubAPIService.swift */,
				35273A60261C224700BFABFC /* GitHubResourceResponseAdapter.swift */,
				35273A65261C294A00BFABFC /* Entities */,
			);
			path = GitHubAPIService;
			sourceTree = "<group>";
		};
		35273A65261C294A00BFABFC /* Entities */ = {
			isa = PBXGroup;
			children = (
				35273A66261C296A00BFABFC /* GithubUsersResponse.swift */,
			);
			path = Entities;
			sourceTree = "<group>";
		};
		35273A76261C340000BFABFC /* Model */ = {
			isa = PBXGroup;
			children = (
				35273A77261C341600BFABFC /* GitHubUserListsViewModel.swift */,
			);
			path = Model;
			sourceTree = "<group>";
		};
		35273A8E261C40D500BFABFC /* RealmService */ = {
			isa = PBXGroup;
			children = (
				35273A8F261C40EC00BFABFC /* RealmService.swift */,
				35273A97261C411A00BFABFC /* FavoriteUserEntity.swift */,
			);
			path = RealmService;
			sourceTree = "<group>";
		};
		35273AA4261C4C6D00BFABFC /* Asset */ = {
			isa = PBXGroup;
			children = (
				35273996261B16C200BFABFC /* Assets.xcassets */,
			);
			path = Asset;
			sourceTree = "<group>";
		};
		35273AB3261D53B800BFABFC /* GithubUserDetail */ = {
			isa = PBXGroup;
			children = (
				35273AB4261D53C600BFABFC /* Scene */,
			);
			path = GithubUserDetail;
			sourceTree = "<group>";
		};
		35273AB4261D53C600BFABFC /* Scene */ = {
			isa = PBXGroup;
			children = (
				35273AC6261D540200BFABFC /* UseCases */,
				35273AC5261D53FD00BFABFC /* Views */,
				35273AC4261D53F700BFABFC /* Model */,
				35273AB5261D53E900BFABFC /* GitHubUserDetailPresenter.swift */,
				35273AB6261D53E900BFABFC /* GitHubUserDetailWorker.swift */,
				35273AB8261D53E900BFABFC /* GitHubUserDetailRouter.swift */,
				35273AB9261D53E900BFABFC /* GitHubUserDetailViewController.swift */,
				35273ABA261D53E900BFABFC /* GitHubUserDetailInteractor.swift */,
				35273AD4261D577C00BFABFC /* GitHubUserDetailInMemoryStore.swift */,
				35273AC7261D541300BFABFC /* GitHubUserDetail.storyboard */,
			);
			path = Scene;
			sourceTree = "<group>";
		};
		35273AC4261D53F700BFABFC /* Model */ = {
			isa = PBXGroup;
			children = (
			);
			path = Model;
			sourceTree = "<group>";
		};
		35273AC5261D53FD00BFABFC /* Views */ = {
			isa = PBXGroup;
			children = (
				35273AE2261D5AD800BFABFC /* Model */,
				35273AE1261D5AD200BFABFC /* Cell */,
			);
			path = Views;
			sourceTree = "<group>";
		};
		35273AC6261D540200BFABFC /* UseCases */ = {
			isa = PBXGroup;
			children = (
				35273ACF261D54D000BFABFC /* GetGitHubUserRepos.swift */,
				35273ADC261D5A0200BFABFC /* GetUserProfile.swift */,
			);
			path = UseCases;
			sourceTree = "<group>";
		};
		35273AE1261D5AD200BFABFC /* Cell */ = {
			isa = PBXGroup;
			children = (
				35273AE3261D5BB300BFABFC /* GitHubUserReposCell */,
			);
			path = Cell;
			sourceTree = "<group>";
		};
		35273AE2261D5AD800BFABFC /* Model */ = {
			isa = PBXGroup;
			children = (
				35273AF6261D62E100BFABFC /* GithubUserProfileViewModel.swift */,
			);
			path = Model;
			sourceTree = "<group>";
		};
		35273AE3261D5BB300BFABFC /* GitHubUserReposCell */ = {
			isa = PBXGroup;
			children = (
				35273AEE261D5BF500BFABFC /* GitHubUserReposCellModel.swift */,
				35273AE4261D5BD600BFABFC /* GitHubUserReposTableViewCell.swift */,
				35273AE5261D5BD600BFABFC /* GitHubUserReposTableViewCell.xib */,
			);
			path = GitHubUserReposCell;
			sourceTree = "<group>";
		};
		602B2CEEEA3C72D2FC822906 /* Frameworks */ = {
			isa = PBXGroup;
			children = (
				459F00E68DFD86F9658736E6 /* Pods_GitUsers.framework */,
				A55C9CB1B73311E578F3074B /* Pods_GitUsers_GitUsersUITests.framework */,
				59FCD5699724AA015D463E27 /* Pods_GitUsersTests.framework */,
			);
			name = Frameworks;
			sourceTree = "<group>";
		};
		D02F89D5F1261171E075670F /* Pods */ = {
			isa = PBXGroup;
			children = (
				948D37410AC09AFD19F664BB /* Pods-GitUsers.debug.xcconfig */,
				F8B866FB73F3A7E073A0D542 /* Pods-GitUsers.release.xcconfig */,
				3C6127CA9DA5843A5BD273E7 /* Pods-GitUsers-GitUsersUITests.debug.xcconfig */,
				6AD33E91465326D93028ED37 /* Pods-GitUsers-GitUsersUITests.release.xcconfig */,
				3D389FB6B636C2D328260F49 /* Pods-GitUsersTests.debug.xcconfig */,
				D5932E00EAE8BDA4117DD5A2 /* Pods-GitUsersTests.release.xcconfig */,
			);
			path = Pods;
			sourceTree = "<group>";
		};
/* End PBXGroup section */

/* Begin PBXNativeTarget section */
		35273989261B16BF00BFABFC /* GitUsers */ = {
			isa = PBXNativeTarget;
			buildConfigurationList = 352739B4261B16C200BFABFC /* Build configuration list for PBXNativeTarget "GitUsers" */;
			buildPhases = (
				91917A61B6A6C07EE6D3D733 /* [CP] Check Pods Manifest.lock */,
				35273986261B16BF00BFABFC /* Sources */,
				35273987261B16BF00BFABFC /* Frameworks */,
				35273988261B16BF00BFABFC /* Resources */,
				0544926E17CFD09CE5AF98DF /* [CP] Embed Pods Frameworks */,
				352739CC261B1F3400BFABFC /* Swiftlint */,
			);
			buildRules = (
			);
			dependencies = (
			);
			name = GitUsers;
			productName = GitUsers;
			productReference = 3527398A261B16BF00BFABFC /* GitUsers.app */;
			productType = "com.apple.product-type.application";
		};
		3527399F261B16C200BFABFC /* GitUsersTests */ = {
			isa = PBXNativeTarget;
			buildConfigurationList = 352739B7261B16C200BFABFC /* Build configuration list for PBXNativeTarget "GitUsersTests" */;
			buildPhases = (
				9E7C3B919097A5C09D2DB066 /* [CP] Check Pods Manifest.lock */,
				3527399C261B16C200BFABFC /* Sources */,
				3527399D261B16C200BFABFC /* Frameworks */,
				3527399E261B16C200BFABFC /* Resources */,
			);
			buildRules = (
			);
			dependencies = (
				352739A2261B16C200BFABFC /* PBXTargetDependency */,
			);
			name = GitUsersTests;
			productName = GitUsersTests;
			productReference = 352739A0261B16C200BFABFC /* GitUsersTests.xctest */;
			productType = "com.apple.product-type.bundle.unit-test";
		};
		352739AA261B16C200BFABFC /* GitUsersUITests */ = {
			isa = PBXNativeTarget;
			buildConfigurationList = 352739BA261B16C200BFABFC /* Build configuration list for PBXNativeTarget "GitUsersUITests" */;
			buildPhases = (
				2A2CB5AF0DF14515830FE530 /* [CP] Check Pods Manifest.lock */,
				352739A7261B16C200BFABFC /* Sources */,
				352739A8261B16C200BFABFC /* Frameworks */,
				352739A9261B16C200BFABFC /* Resources */,
				B67740B12D620B319C6B0E14 /* [CP] Embed Pods Frameworks */,
			);
			buildRules = (
			);
			dependencies = (
				352739AD261B16C200BFABFC /* PBXTargetDependency */,
			);
			name = GitUsersUITests;
			productName = GitUsersUITests;
			productReference = 352739AB261B16C200BFABFC /* GitUsersUITests.xctest */;
			productType = "com.apple.product-type.bundle.ui-testing";
		};
/* End PBXNativeTarget section */

/* Begin PBXProject section */
		35273982261B16BF00BFABFC /* Project object */ = {
			isa = PBXProject;
			attributes = {
				LastSwiftUpdateCheck = 1230;
				LastUpgradeCheck = 1230;
				TargetAttributes = {
					35273989261B16BF00BFABFC = {
						CreatedOnToolsVersion = 12.3;
					};
					3527399F261B16C200BFABFC = {
						CreatedOnToolsVersion = 12.3;
						TestTargetID = 35273989261B16BF00BFABFC;
					};
					352739AA261B16C200BFABFC = {
						CreatedOnToolsVersion = 12.3;
						TestTargetID = 35273989261B16BF00BFABFC;
					};
				};
			};
			buildConfigurationList = 35273985261B16BF00BFABFC /* Build configuration list for PBXProject "GitUsers" */;
			compatibilityVersion = "Xcode 9.3";
			developmentRegion = en;
			hasScannedForEncodings = 0;
			knownRegions = (
				en,
				Base,
			);
			mainGroup = 35273981261B16BF00BFABFC;
			productRefGroup = 3527398B261B16BF00BFABFC /* Products */;
			projectDirPath = "";
			projectRoot = "";
			targets = (
				35273989261B16BF00BFABFC /* GitUsers */,
				3527399F261B16C200BFABFC /* GitUsersTests */,
				352739AA261B16C200BFABFC /* GitUsersUITests */,
			);
		};
/* End PBXProject section */

/* Begin PBXResourcesBuildPhase section */
		35273988261B16BF00BFABFC /* Resources */ = {
			isa = PBXResourcesBuildPhase;
			buildActionMask = 2147483647;
			files = (
				3527399A261B16C200BFABFC /* LaunchScreen.storyboard in Resources */,
				35273997261B16C200BFABFC /* Assets.xcassets in Resources */,
				35273AE7261D5BD600BFABFC /* GitHubUserReposTableViewCell.xib in Resources */,
				35273A0A261B265100BFABFC /* GitHubUserListsTableViewCell.xib in Resources */,
				352739F9261B233000BFABFC /* GitHubUserLists.storyboard in Resources */,
				35273AC8261D541300BFABFC /* GitHubUserDetail.storyboard in Resources */,
			);
			runOnlyForDeploymentPostprocessing = 0;
		};
		3527399E261B16C200BFABFC /* Resources */ = {
			isa = PBXResourcesBuildPhase;
			buildActionMask = 2147483647;
			files = (
			);
			runOnlyForDeploymentPostprocessing = 0;
		};
		352739A9261B16C200BFABFC /* Resources */ = {
			isa = PBXResourcesBuildPhase;
			buildActionMask = 2147483647;
			files = (
			);
			runOnlyForDeploymentPostprocessing = 0;
		};
/* End PBXResourcesBuildPhase section */

/* Begin PBXShellScriptBuildPhase section */
		0544926E17CFD09CE5AF98DF /* [CP] Embed Pods Frameworks */ = {
			isa = PBXShellScriptBuildPhase;
			buildActionMask = 2147483647;
			files = (
			);
			inputFileListPaths = (
				"${PODS_ROOT}/Target Support Files/Pods-GitUsers/Pods-GitUsers-frameworks-${CONFIGURATION}-input-files.xcfilelist",
			);
			name = "[CP] Embed Pods Frameworks";
			outputFileListPaths = (
				"${PODS_ROOT}/Target Support Files/Pods-GitUsers/Pods-GitUsers-frameworks-${CONFIGURATION}-output-files.xcfilelist",
			);
			runOnlyForDeploymentPostprocessing = 0;
			shellPath = /bin/sh;
			shellScript = "\"${PODS_ROOT}/Target Support Files/Pods-GitUsers/Pods-GitUsers-frameworks.sh\"\n";
			showEnvVarsInLog = 0;
		};
		2A2CB5AF0DF14515830FE530 /* [CP] Check Pods Manifest.lock */ = {
			isa = PBXShellScriptBuildPhase;
			buildActionMask = 2147483647;
			files = (
			);
			inputFileListPaths = (
			);
			inputPaths = (
				"${PODS_PODFILE_DIR_PATH}/Podfile.lock",
				"${PODS_ROOT}/Manifest.lock",
			);
			name = "[CP] Check Pods Manifest.lock";
			outputFileListPaths = (
			);
			outputPaths = (
				"$(DERIVED_FILE_DIR)/Pods-GitUsers-GitUsersUITests-checkManifestLockResult.txt",
			);
			runOnlyForDeploymentPostprocessing = 0;
			shellPath = /bin/sh;
			shellScript = "diff \"${PODS_PODFILE_DIR_PATH}/Podfile.lock\" \"${PODS_ROOT}/Manifest.lock\" > /dev/null\nif [ $? != 0 ] ; then\n    # print error to STDERR\n    echo \"error: The sandbox is not in sync with the Podfile.lock. Run 'pod install' or update your CocoaPods installation.\" >&2\n    exit 1\nfi\n# This output is used by Xcode 'outputs' to avoid re-running this script phase.\necho \"SUCCESS\" > \"${SCRIPT_OUTPUT_FILE_0}\"\n";
			showEnvVarsInLog = 0;
		};
		352739CC261B1F3400BFABFC /* Swiftlint */ = {
			isa = PBXShellScriptBuildPhase;
			buildActionMask = 2147483647;
			files = (
			);
			inputFileListPaths = (
			);
			inputPaths = (
			);
			name = Swiftlint;
			outputFileListPaths = (
			);
			outputPaths = (
			);
			runOnlyForDeploymentPostprocessing = 0;
			shellPath = /bin/sh;
			shellScript = "# Type a script or drag a script file from your workspace to insert its path.\nif which swiftlint >/dev/null; then\n  swiftlint\nelse\n  echo \"warning: SwiftLint not installed, download from https://github.com/realm/SwiftLint\"\nfi\n";
		};
		91917A61B6A6C07EE6D3D733 /* [CP] Check Pods Manifest.lock */ = {
			isa = PBXShellScriptBuildPhase;
			buildActionMask = 2147483647;
			files = (
			);
			inputFileListPaths = (
			);
			inputPaths = (
				"${PODS_PODFILE_DIR_PATH}/Podfile.lock",
				"${PODS_ROOT}/Manifest.lock",
			);
			name = "[CP] Check Pods Manifest.lock";
			outputFileListPaths = (
			);
			outputPaths = (
				"$(DERIVED_FILE_DIR)/Pods-GitUsers-checkManifestLockResult.txt",
			);
			runOnlyForDeploymentPostprocessing = 0;
			shellPath = /bin/sh;
			shellScript = "diff \"${PODS_PODFILE_DIR_PATH}/Podfile.lock\" \"${PODS_ROOT}/Manifest.lock\" > /dev/null\nif [ $? != 0 ] ; then\n    # print error to STDERR\n    echo \"error: The sandbox is not in sync with the Podfile.lock. Run 'pod install' or update your CocoaPods installation.\" >&2\n    exit 1\nfi\n# This output is used by Xcode 'outputs' to avoid re-running this script phase.\necho \"SUCCESS\" > \"${SCRIPT_OUTPUT_FILE_0}\"\n";
			showEnvVarsInLog = 0;
		};
		9E7C3B919097A5C09D2DB066 /* [CP] Check Pods Manifest.lock */ = {
			isa = PBXShellScriptBuildPhase;
			buildActionMask = 2147483647;
			files = (
			);
			inputFileListPaths = (
			);
			inputPaths = (
				"${PODS_PODFILE_DIR_PATH}/Podfile.lock",
				"${PODS_ROOT}/Manifest.lock",
			);
			name = "[CP] Check Pods Manifest.lock";
			outputFileListPaths = (
			);
			outputPaths = (
				"$(DERIVED_FILE_DIR)/Pods-GitUsersTests-checkManifestLockResult.txt",
			);
			runOnlyForDeploymentPostprocessing = 0;
			shellPath = /bin/sh;
			shellScript = "diff \"${PODS_PODFILE_DIR_PATH}/Podfile.lock\" \"${PODS_ROOT}/Manifest.lock\" > /dev/null\nif [ $? != 0 ] ; then\n    # print error to STDERR\n    echo \"error: The sandbox is not in sync with the Podfile.lock. Run 'pod install' or update your CocoaPods installation.\" >&2\n    exit 1\nfi\n# This output is used by Xcode 'outputs' to avoid re-running this script phase.\necho \"SUCCESS\" > \"${SCRIPT_OUTPUT_FILE_0}\"\n";
			showEnvVarsInLog = 0;
		};
		B67740B12D620B319C6B0E14 /* [CP] Embed Pods Frameworks */ = {
			isa = PBXShellScriptBuildPhase;
			buildActionMask = 2147483647;
			files = (
			);
			inputFileListPaths = (
				"${PODS_ROOT}/Target Support Files/Pods-GitUsers-GitUsersUITests/Pods-GitUsers-GitUsersUITests-frameworks-${CONFIGURATION}-input-files.xcfilelist",
			);
			name = "[CP] Embed Pods Frameworks";
			outputFileListPaths = (
				"${PODS_ROOT}/Target Support Files/Pods-GitUsers-GitUsersUITests/Pods-GitUsers-GitUsersUITests-frameworks-${CONFIGURATION}-output-files.xcfilelist",
			);
			runOnlyForDeploymentPostprocessing = 0;
			shellPath = /bin/sh;
			shellScript = "\"${PODS_ROOT}/Target Support Files/Pods-GitUsers-GitUsersUITests/Pods-GitUsers-GitUsersUITests-frameworks.sh\"\n";
			showEnvVarsInLog = 0;
		};
/* End PBXShellScriptBuildPhase section */

/* Begin PBXSourcesBuildPhase section */
		35273986261B16BF00BFABFC /* Sources */ = {
			isa = PBXSourcesBuildPhase;
			buildActionMask = 2147483647;
			files = (
				35273ADD261D5A0200BFABFC /* GetUserProfile.swift in Sources */,
				35273A7D261C386000BFABFC /* Extension.swift in Sources */,
				352739ED261B22FD00BFABFC /* GitHubUserListsViewController.swift in Sources */,
				35273AD5261D577C00BFABFC /* GitHubUserDetailInMemoryStore.swift in Sources */,
				35273ABF261D53E900BFABFC /* GitHubUserDetailViewController.swift in Sources */,
				352739E9261B22FD00BFABFC /* GitHubUserListsPresenter.swift in Sources */,
				35273AA0261C463C00BFABFC /* GitHubUserListsInMemoryStore.swift in Sources */,
				35273A72261C2B6200BFABFC /* ConfigurationProvider.swift in Sources */,
				35273A09261B265100BFABFC /* GitHubUserListsTableViewCell.swift in Sources */,
				35273A33261C1AA200BFABFC /* NetworkingService.swift in Sources */,
				35273ABC261D53E900BFABFC /* GitHubUserDetailWorker.swift in Sources */,
				35273ABB261D53E900BFABFC /* GitHubUserDetailPresenter.swift in Sources */,
				35273A4A261C1D3900BFABFC /* ServerResponseError.swift in Sources */,
				35273A90261C40EC00BFABFC /* RealmService.swift in Sources */,
				35273A3B261C1AFC00BFABFC /* HTTPResponseCode.swift in Sources */,
				35273AE6261D5BD600BFABFC /* GitHubUserReposTableViewCell.swift in Sources */,
				35273AEF261D5BF500BFABFC /* GitHubUserReposCellModel.swift in Sources */,
				35273AA9261C577700BFABFC /* SetFavoriteUser.swift in Sources */,
				35273A45261C1BC800BFABFC /* ContentType.swift in Sources */,
				35273A10261C07B500BFABFC /* GitHubUserListsCellModel.swift in Sources */,
				35273AFC261D771100BFABFC /* SelectedGitHubUser.swift in Sources */,
				352739EA261B22FD00BFABFC /* GitHubUserListsWorker.swift in Sources */,
				35273A50261C1D6600BFABFC /* ErrorViewModel.swift in Sources */,
				352739EC261B22FD00BFABFC /* GitHubUserListsRouter.swift in Sources */,
				35273ABE261D53E900BFABFC /* GitHubUserDetailRouter.swift in Sources */,
				35273A2A261C1A1F00BFABFC /* Singleton.swift in Sources */,
				35273AD0261D54D000BFABFC /* GetGitHubUserRepos.swift in Sources */,
				35273AF7261D62E100BFABFC /* GithubUserProfileViewModel.swift in Sources */,
				35273A1C261C150500BFABFC /* GetGitHubUsers.swift in Sources */,
				35273AC0261D53E900BFABFC /* GitHubUserDetailInteractor.swift in Sources */,
				35273A78261C341600BFABFC /* GitHubUserListsViewModel.swift in Sources */,
				35273A21261C164400BFABFC /* GitHubUserListsModel.swift in Sources */,
				35273A40261C1B2200BFABFC /* NetworkErrorType.swift in Sources */,
				3527398E261B16BF00BFABFC /* AppDelegate.swift in Sources */,
				35273A61261C224700BFABFC /* GitHubResourceResponseAdapter.swift in Sources */,
				352739EE261B22FD00BFABFC /* GitHubUserListsInteractor.swift in Sources */,
				35273A59261C217900BFABFC /* GitHubAPIService.swift in Sources */,
				35273A67261C296A00BFABFC /* GithubUsersResponse.swift in Sources */,
				35273A98261C411A00BFABFC /* FavoriteUserEntity.swift in Sources */,
			);
			runOnlyForDeploymentPostprocessing = 0;
		};
		3527399C261B16C200BFABFC /* Sources */ = {
			isa = PBXSourcesBuildPhase;
			buildActionMask = 2147483647;
			files = (
				352739A5261B16C200BFABFC /* GitUsersTests.swift in Sources */,
			);
			runOnlyForDeploymentPostprocessing = 0;
		};
		352739A7261B16C200BFABFC /* Sources */ = {
			isa = PBXSourcesBuildPhase;
			buildActionMask = 2147483647;
			files = (
				352739B0261B16C200BFABFC /* GitUsersUITests.swift in Sources */,
			);
			runOnlyForDeploymentPostprocessing = 0;
		};
/* End PBXSourcesBuildPhase section */

/* Begin PBXTargetDependency section */
		352739A2261B16C200BFABFC /* PBXTargetDependency */ = {
			isa = PBXTargetDependency;
			target = 35273989261B16BF00BFABFC /* GitUsers */;
			targetProxy = 352739A1261B16C200BFABFC /* PBXContainerItemProxy */;
		};
		352739AD261B16C200BFABFC /* PBXTargetDependency */ = {
			isa = PBXTargetDependency;
			target = 35273989261B16BF00BFABFC /* GitUsers */;
			targetProxy = 352739AC261B16C200BFABFC /* PBXContainerItemProxy */;
		};
/* End PBXTargetDependency section */

/* Begin PBXVariantGroup section */
		35273998261B16C200BFABFC /* LaunchScreen.storyboard */ = {
			isa = PBXVariantGroup;
			children = (
				35273999261B16C200BFABFC /* Base */,
			);
			name = LaunchScreen.storyboard;
			sourceTree = "<group>";
		};
/* End PBXVariantGroup section */

/* Begin XCBuildConfiguration section */
		352739B2261B16C200BFABFC /* Debug */ = {
			isa = XCBuildConfiguration;
			buildSettings = {
				ALWAYS_SEARCH_USER_PATHS = NO;
				CLANG_ANALYZER_NONNULL = YES;
				CLANG_ANALYZER_NUMBER_OBJECT_CONVERSION = YES_AGGRESSIVE;
				CLANG_CXX_LANGUAGE_STANDARD = "gnu++14";
				CLANG_CXX_LIBRARY = "libc++";
				CLANG_ENABLE_MODULES = YES;
				CLANG_ENABLE_OBJC_ARC = YES;
				CLANG_ENABLE_OBJC_WEAK = YES;
				CLANG_WARN_BLOCK_CAPTURE_AUTORELEASING = YES;
				CLANG_WARN_BOOL_CONVERSION = YES;
				CLANG_WARN_COMMA = YES;
				CLANG_WARN_CONSTANT_CONVERSION = YES;
				CLANG_WARN_DEPRECATED_OBJC_IMPLEMENTATIONS = YES;
				CLANG_WARN_DIRECT_OBJC_ISA_USAGE = YES_ERROR;
				CLANG_WARN_DOCUMENTATION_COMMENTS = YES;
				CLANG_WARN_EMPTY_BODY = YES;
				CLANG_WARN_ENUM_CONVERSION = YES;
				CLANG_WARN_INFINITE_RECURSION = YES;
				CLANG_WARN_INT_CONVERSION = YES;
				CLANG_WARN_NON_LITERAL_NULL_CONVERSION = YES;
				CLANG_WARN_OBJC_IMPLICIT_RETAIN_SELF = YES;
				CLANG_WARN_OBJC_LITERAL_CONVERSION = YES;
				CLANG_WARN_OBJC_ROOT_CLASS = YES_ERROR;
				CLANG_WARN_QUOTED_INCLUDE_IN_FRAMEWORK_HEADER = YES;
				CLANG_WARN_RANGE_LOOP_ANALYSIS = YES;
				CLANG_WARN_STRICT_PROTOTYPES = YES;
				CLANG_WARN_SUSPICIOUS_MOVE = YES;
				CLANG_WARN_UNGUARDED_AVAILABILITY = YES_AGGRESSIVE;
				CLANG_WARN_UNREACHABLE_CODE = YES;
				CLANG_WARN__DUPLICATE_METHOD_MATCH = YES;
				COPY_PHASE_STRIP = NO;
				DEBUG_INFORMATION_FORMAT = dwarf;
				ENABLE_STRICT_OBJC_MSGSEND = YES;
				ENABLE_TESTABILITY = YES;
				GCC_C_LANGUAGE_STANDARD = gnu11;
				GCC_DYNAMIC_NO_PIC = NO;
				GCC_NO_COMMON_BLOCKS = YES;
				GCC_OPTIMIZATION_LEVEL = 0;
				GCC_PREPROCESSOR_DEFINITIONS = (
					"DEBUG=1",
					"$(inherited)",
				);
				GCC_WARN_64_TO_32_BIT_CONVERSION = YES;
				GCC_WARN_ABOUT_RETURN_TYPE = YES_ERROR;
				GCC_WARN_UNDECLARED_SELECTOR = YES;
				GCC_WARN_UNINITIALIZED_AUTOS = YES_AGGRESSIVE;
				GCC_WARN_UNUSED_FUNCTION = YES;
				GCC_WARN_UNUSED_VARIABLE = YES;
				IPHONEOS_DEPLOYMENT_TARGET = 14.3;
				MTL_ENABLE_DEBUG_INFO = INCLUDE_SOURCE;
				MTL_FAST_MATH = YES;
				ONLY_ACTIVE_ARCH = YES;
				SDKROOT = iphoneos;
				SWIFT_ACTIVE_COMPILATION_CONDITIONS = DEBUG;
				SWIFT_OPTIMIZATION_LEVEL = "-Onone";
			};
			name = Debug;
		};
		352739B3261B16C200BFABFC /* Release */ = {
			isa = XCBuildConfiguration;
			buildSettings = {
				ALWAYS_SEARCH_USER_PATHS = NO;
				CLANG_ANALYZER_NONNULL = YES;
				CLANG_ANALYZER_NUMBER_OBJECT_CONVERSION = YES_AGGRESSIVE;
				CLANG_CXX_LANGUAGE_STANDARD = "gnu++14";
				CLANG_CXX_LIBRARY = "libc++";
				CLANG_ENABLE_MODULES = YES;
				CLANG_ENABLE_OBJC_ARC = YES;
				CLANG_ENABLE_OBJC_WEAK = YES;
				CLANG_WARN_BLOCK_CAPTURE_AUTORELEASING = YES;
				CLANG_WARN_BOOL_CONVERSION = YES;
				CLANG_WARN_COMMA = YES;
				CLANG_WARN_CONSTANT_CONVERSION = YES;
				CLANG_WARN_DEPRECATED_OBJC_IMPLEMENTATIONS = YES;
				CLANG_WARN_DIRECT_OBJC_ISA_USAGE = YES_ERROR;
				CLANG_WARN_DOCUMENTATION_COMMENTS = YES;
				CLANG_WARN_EMPTY_BODY = YES;
				CLANG_WARN_ENUM_CONVERSION = YES;
				CLANG_WARN_INFINITE_RECURSION = YES;
				CLANG_WARN_INT_CONVERSION = YES;
				CLANG_WARN_NON_LITERAL_NULL_CONVERSION = YES;
				CLANG_WARN_OBJC_IMPLICIT_RETAIN_SELF = YES;
				CLANG_WARN_OBJC_LITERAL_CONVERSION = YES;
				CLANG_WARN_OBJC_ROOT_CLASS = YES_ERROR;
				CLANG_WARN_QUOTED_INCLUDE_IN_FRAMEWORK_HEADER = YES;
				CLANG_WARN_RANGE_LOOP_ANALYSIS = YES;
				CLANG_WARN_STRICT_PROTOTYPES = YES;
				CLANG_WARN_SUSPICIOUS_MOVE = YES;
				CLANG_WARN_UNGUARDED_AVAILABILITY = YES_AGGRESSIVE;
				CLANG_WARN_UNREACHABLE_CODE = YES;
				CLANG_WARN__DUPLICATE_METHOD_MATCH = YES;
				COPY_PHASE_STRIP = NO;
				DEBUG_INFORMATION_FORMAT = "dwarf-with-dsym";
				ENABLE_NS_ASSERTIONS = NO;
				ENABLE_STRICT_OBJC_MSGSEND = YES;
				GCC_C_LANGUAGE_STANDARD = gnu11;
				GCC_NO_COMMON_BLOCKS = YES;
				GCC_WARN_64_TO_32_BIT_CONVERSION = YES;
				GCC_WARN_ABOUT_RETURN_TYPE = YES_ERROR;
				GCC_WARN_UNDECLARED_SELECTOR = YES;
				GCC_WARN_UNINITIALIZED_AUTOS = YES_AGGRESSIVE;
				GCC_WARN_UNUSED_FUNCTION = YES;
				GCC_WARN_UNUSED_VARIABLE = YES;
				IPHONEOS_DEPLOYMENT_TARGET = 14.3;
				MTL_ENABLE_DEBUG_INFO = NO;
				MTL_FAST_MATH = YES;
				SDKROOT = iphoneos;
				SWIFT_COMPILATION_MODE = wholemodule;
				SWIFT_OPTIMIZATION_LEVEL = "-O";
				VALIDATE_PRODUCT = YES;
			};
			name = Release;
		};
		352739B5261B16C200BFABFC /* Debug */ = {
			isa = XCBuildConfiguration;
			baseConfigurationReference = 948D37410AC09AFD19F664BB /* Pods-GitUsers.debug.xcconfig */;
			buildSettings = {
				ASSETCATALOG_COMPILER_APPICON_NAME = AppIcon;
				ASSETCATALOG_COMPILER_GLOBAL_ACCENT_COLOR_NAME = AccentColor;
				CODE_SIGN_STYLE = Automatic;
				INFOPLIST_FILE = GitUsers/Info.plist;
				IPHONEOS_DEPLOYMENT_TARGET = 12.4;
				LD_RUNPATH_SEARCH_PATHS = (
					"$(inherited)",
					"@executable_path/Frameworks",
				);
				PRODUCT_BUNDLE_IDENTIFIER = com.teravat.GitUsers;
				PRODUCT_NAME = "$(TARGET_NAME)";
				SWIFT_VERSION = 5.0;
				TARGETED_DEVICE_FAMILY = "1,2";
			};
			name = Debug;
		};
		352739B6261B16C200BFABFC /* Release */ = {
			isa = XCBuildConfiguration;
			baseConfigurationReference = F8B866FB73F3A7E073A0D542 /* Pods-GitUsers.release.xcconfig */;
			buildSettings = {
				ASSETCATALOG_COMPILER_APPICON_NAME = AppIcon;
				ASSETCATALOG_COMPILER_GLOBAL_ACCENT_COLOR_NAME = AccentColor;
				CODE_SIGN_STYLE = Automatic;
				INFOPLIST_FILE = GitUsers/Info.plist;
				IPHONEOS_DEPLOYMENT_TARGET = 12.4;
				LD_RUNPATH_SEARCH_PATHS = (
					"$(inherited)",
					"@executable_path/Frameworks",
				);
				PRODUCT_BUNDLE_IDENTIFIER = com.teravat.GitUsers;
				PRODUCT_NAME = "$(TARGET_NAME)";
				SWIFT_VERSION = 5.0;
				TARGETED_DEVICE_FAMILY = "1,2";
			};
			name = Release;
		};
		352739B8261B16C200BFABFC /* Debug */ = {
			isa = XCBuildConfiguration;
			baseConfigurationReference = 3D389FB6B636C2D328260F49 /* Pods-GitUsersTests.debug.xcconfig */;
			buildSettings = {
				ALWAYS_EMBED_SWIFT_STANDARD_LIBRARIES = YES;
				BUNDLE_LOADER = "$(TEST_HOST)";
				CODE_SIGN_STYLE = Automatic;
				INFOPLIST_FILE = GitUsersTests/Info.plist;
				IPHONEOS_DEPLOYMENT_TARGET = 14.3;
				LD_RUNPATH_SEARCH_PATHS = (
					"$(inherited)",
					"@executable_path/Frameworks",
					"@loader_path/Frameworks",
				);
				PRODUCT_BUNDLE_IDENTIFIER = com.teravat.GitUsersTests;
				PRODUCT_NAME = "$(TARGET_NAME)";
				SWIFT_VERSION = 5.0;
				TARGETED_DEVICE_FAMILY = "1,2";
				TEST_HOST = "$(BUILT_PRODUCTS_DIR)/GitUsers.app/GitUsers";
			};
			name = Debug;
		};
		352739B9261B16C200BFABFC /* Release */ = {
			isa = XCBuildConfiguration;
			baseConfigurationReference = D5932E00EAE8BDA4117DD5A2 /* Pods-GitUsersTests.release.xcconfig */;
			buildSettings = {
				ALWAYS_EMBED_SWIFT_STANDARD_LIBRARIES = YES;
				BUNDLE_LOADER = "$(TEST_HOST)";
				CODE_SIGN_STYLE = Automatic;
				INFOPLIST_FILE = GitUsersTests/Info.plist;
				IPHONEOS_DEPLOYMENT_TARGET = 14.3;
				LD_RUNPATH_SEARCH_PATHS = (
					"$(inherited)",
					"@executable_path/Frameworks",
					"@loader_path/Frameworks",
				);
				PRODUCT_BUNDLE_IDENTIFIER = com.teravat.GitUsersTests;
				PRODUCT_NAME = "$(TARGET_NAME)";
				SWIFT_VERSION = 5.0;
				TARGETED_DEVICE_FAMILY = "1,2";
				TEST_HOST = "$(BUILT_PRODUCTS_DIR)/GitUsers.app/GitUsers";
			};
			name = Release;
		};
		352739BB261B16C200BFABFC /* Debug */ = {
			isa = XCBuildConfiguration;
			baseConfigurationReference = 3C6127CA9DA5843A5BD273E7 /* Pods-GitUsers-GitUsersUITests.debug.xcconfig */;
			buildSettings = {
				ALWAYS_EMBED_SWIFT_STANDARD_LIBRARIES = YES;
				CODE_SIGN_STYLE = Automatic;
				INFOPLIST_FILE = GitUsersUITests/Info.plist;
				LD_RUNPATH_SEARCH_PATHS = (
					"$(inherited)",
					"@executable_path/Frameworks",
					"@loader_path/Frameworks",
				);
				PRODUCT_BUNDLE_IDENTIFIER = com.teravat.GitUsersUITests;
				PRODUCT_NAME = "$(TARGET_NAME)";
				SWIFT_VERSION = 5.0;
				TARGETED_DEVICE_FAMILY = "1,2";
				TEST_TARGET_NAME = GitUsers;
			};
			name = Debug;
		};
		352739BC261B16C200BFABFC /* Release */ = {
			isa = XCBuildConfiguration;
			baseConfigurationReference = 6AD33E91465326D93028ED37 /* Pods-GitUsers-GitUsersUITests.release.xcconfig */;
			buildSettings = {
				ALWAYS_EMBED_SWIFT_STANDARD_LIBRARIES = YES;
				CODE_SIGN_STYLE = Automatic;
				INFOPLIST_FILE = GitUsersUITests/Info.plist;
				LD_RUNPATH_SEARCH_PATHS = (
					"$(inherited)",
					"@executable_path/Frameworks",
					"@loader_path/Frameworks",
				);
				PRODUCT_BUNDLE_IDENTIFIER = com.teravat.GitUsersUITests;
				PRODUCT_NAME = "$(TARGET_NAME)";
				SWIFT_VERSION = 5.0;
				TARGETED_DEVICE_FAMILY = "1,2";
				TEST_TARGET_NAME = GitUsers;
			};
			name = Release;
		};
/* End XCBuildConfiguration section */

/* Begin XCConfigurationList section */
		35273985261B16BF00BFABFC /* Build configuration list for PBXProject "GitUsers" */ = {
			isa = XCConfigurationList;
			buildConfigurations = (
				352739B2261B16C200BFABFC /* Debug */,
				352739B3261B16C200BFABFC /* Release */,
			);
			defaultConfigurationIsVisible = 0;
			defaultConfigurationName = Release;
		};
		352739B4261B16C200BFABFC /* Build configuration list for PBXNativeTarget "GitUsers" */ = {
			isa = XCConfigurationList;
			buildConfigurations = (
				352739B5261B16C200BFABFC /* Debug */,
				352739B6261B16C200BFABFC /* Release */,
			);
			defaultConfigurationIsVisible = 0;
			defaultConfigurationName = Release;
		};
		352739B7261B16C200BFABFC /* Build configuration list for PBXNativeTarget "GitUsersTests" */ = {
			isa = XCConfigurationList;
			buildConfigurations = (
				352739B8261B16C200BFABFC /* Debug */,
				352739B9261B16C200BFABFC /* Release */,
			);
			defaultConfigurationIsVisible = 0;
			defaultConfigurationName = Release;
		};
		352739BA261B16C200BFABFC /* Build configuration list for PBXNativeTarget "GitUsersUITests" */ = {
			isa = XCConfigurationList;
			buildConfigurations = (
				352739BB261B16C200BFABFC /* Debug */,
				352739BC261B16C200BFABFC /* Release */,
			);
			defaultConfigurationIsVisible = 0;
			defaultConfigurationName = Release;
		};
/* End XCConfigurationList section */
	};
	rootObject = 35273982261B16BF00BFABFC /* Project object */;
}
